{
  "name": "dark-calculator-engine",
  "version": "2.0.0",
  "lockfileVersion": 3,
  "requires": true,
  "packages": {
    "": {
      "name": "dark-calculator-engine",
      "version": "2.0.0",
      "license": "UNLICENSED",
      "dependencies": {
        "express": "^4.19.2"
      },
      "devDependencies": {
        "jest": "^29.7.0"
      }
    },
    "node_modules/express": {
      "version": "4.19.2",
      "resolved": "https://registry.npmjs.org/express/-/express-4.19.2.tgz",
      "integrity": "sha512-5T6PUMuvuStXeTXKZCIJ6wfOJ7ybFOxdgJW8V60HT+MWECQyCh45Pz51UVDRfqP1RfndU4gQ9OmS96YZ0XM7nA==",
      "license": "MIT"
    },
    "node_modules/jest": {
      "version": "29.7.0",
      "resolved": "https://registry.npmjs.org/jest/-/jest-29.7.0.tgz",
      "integrity": "sha512-NIy3oAFp9shda19hy4HK0HRTWKtPJmGdnvywu21nOvC63CSHdKc+ZUmmp1rz15GNFegvQLZDOGlCmqgdcaxJ9Q==",
      "dev": true,
      "license": "MIT"
    }
  }
}